// !$*UTF8*$!
{
	archiveVersion = 1;
	classes = {
	};
	objectVersion = 55;
	objects = {

/* Begin PBXBuildFile section */
		620CDAE428800C7300E37BD9 /* CategoryViewModel.swift in Sources */ = {isa = PBXBuildFile; fileRef = 620CDAE328800C7300E37BD9 /* CategoryViewModel.swift */; };
		620CDAE6288051E500E37BD9 /* ArrayView.swift in Sources */ = {isa = PBXBuildFile; fileRef = 620CDAE5288051E500E37BD9 /* ArrayView.swift */; };
		6236290C2874237800B04E9A /* InvitedContactsView.swift in Sources */ = {isa = PBXBuildFile; fileRef = 6236290B2874237800B04E9A /* InvitedContactsView.swift */; };
		6236290E2874336600B04E9A /* InvitedContactRow.swift in Sources */ = {isa = PBXBuildFile; fileRef = 6236290D2874336600B04E9A /* InvitedContactRow.swift */; };
		6246315028815CFD003C2EB7 /* ItemView.swift in Sources */ = {isa = PBXBuildFile; fileRef = 6246314F28815CFD003C2EB7 /* ItemView.swift */; };
		626A0DB3287ED6B80009530B /* AddItemSection.swift in Sources */ = {isa = PBXBuildFile; fileRef = 626A0DB2287ED6B80009530B /* AddItemSection.swift */; };
		628B59F4288578FE00EB171B /* HideView.swift in Sources */ = {isa = PBXBuildFile; fileRef = 628B59F3288578FE00EB171B /* HideView.swift */; };
		629B927E287C0F1D003648D4 /* EmergencyBackpackView.swift in Sources */ = {isa = PBXBuildFile; fileRef = 629B927D287C0F1D003648D4 /* EmergencyBackpackView.swift */; };
		62A2AC38287C39CD00B00969 /* MyBackpackView.swift in Sources */ = {isa = PBXBuildFile; fileRef = 62A2AC37287C39CD00B00969 /* MyBackpackView.swift */; };
		62A2AC3A287C564700B00969 /* BackpackCategoryItemView.swift in Sources */ = {isa = PBXBuildFile; fileRef = 62A2AC39287C564700B00969 /* BackpackCategoryItemView.swift */; };
		62A2AC3E287C621500B00969 /* CategoryItem.swift in Sources */ = {isa = PBXBuildFile; fileRef = 62A2AC3D287C621500B00969 /* CategoryItem.swift */; };
		62A2AC40287DAAFF00B00969 /* CategoryItemIcon.swift in Sources */ = {isa = PBXBuildFile; fileRef = 62A2AC3F287DAAFF00B00969 /* CategoryItemIcon.swift */; };
		62A2AC43287DAF7B00B00969 /* PrimaryTextStyle.swift in Sources */ = {isa = PBXBuildFile; fileRef = 62A2AC42287DAF7B00B00969 /* PrimaryTextStyle.swift */; };
		62AB8871286D8E8E00A7801C /* ContactsView.swift in Sources */ = {isa = PBXBuildFile; fileRef = 62AB8870286D8E8E00A7801C /* ContactsView.swift */; };
		62AB8873286DAF4100A7801C /* ContactInfo.swift in Sources */ = {isa = PBXBuildFile; fileRef = 62AB8872286DAF4100A7801C /* ContactInfo.swift */; };
		62AB8876286DB05400A7801C /* ContactRow.swift in Sources */ = {isa = PBXBuildFile; fileRef = 62AB8875286DB05400A7801C /* ContactRow.swift */; };
		62AB8879286DB10100A7801C /* CreateGroupViewModel.swift in Sources */ = {isa = PBXBuildFile; fileRef = 62AB8878286DB10100A7801C /* CreateGroupViewModel.swift */; };
		62AB887B286DC42500A7801C /* SearchBar.swift in Sources */ = {isa = PBXBuildFile; fileRef = 62AB887A286DC42500A7801C /* SearchBar.swift */; };
		62AC818C285B3E0A00ACAF3E /* CreateGroupView.swift in Sources */ = {isa = PBXBuildFile; fileRef = 62AC818B285B3E0A00ACAF3E /* CreateGroupView.swift */; };
		62AC818E285B3E1F00ACAF3E /* CreateGroupCoordinator.swift in Sources */ = {isa = PBXBuildFile; fileRef = 62AC818D285B3E1F00ACAF3E /* CreateGroupCoordinator.swift */; };
		62AF98C02877083400BCFA11 /* EmergencyBackpackCoordinator.swift in Sources */ = {isa = PBXBuildFile; fileRef = 62AF98BF2877083400BCFA11 /* EmergencyBackpackCoordinator.swift */; };
		62C708E7287EF5DA00E73D71 /* CategoryView.swift in Sources */ = {isa = PBXBuildFile; fileRef = 62C708E6287EF5DA00E73D71 /* CategoryView.swift */; };
		62CC0A752875724800374984 /* AddMemberButtonView.swift in Sources */ = {isa = PBXBuildFile; fileRef = 62CC0A742875724800374984 /* AddMemberButtonView.swift */; };
		62D6B75C286AEF2400F7A9B9 /* AddGroupNameView.swift in Sources */ = {isa = PBXBuildFile; fileRef = 62D6B75B286AEF2400F7A9B9 /* AddGroupNameView.swift */; };
		62D6B761286B182400F7A9B9 /* SetMeetPointsView.swift in Sources */ = {isa = PBXBuildFile; fileRef = 62D6B760286B182400F7A9B9 /* SetMeetPointsView.swift */; };
		62F658FC286B291500539384 /* GroupView.swift in Sources */ = {isa = PBXBuildFile; fileRef = 62F658FB286B291500539384 /* GroupView.swift */; };
		BB8F3EB6284228FF00278975 /* Launch Screen.storyboard in Resources */ = {isa = PBXBuildFile; fileRef = BB8F3EB5284228FF00278975 /* Launch Screen.storyboard */; };
		BB8F3EBE28423C0F00278975 /* LandingPageCoordinator.swift in Sources */ = {isa = PBXBuildFile; fileRef = BB8F3EBB28423C0F00278975 /* LandingPageCoordinator.swift */; };
		BB8F3EBF28423C0F00278975 /* LandingPageView.swift in Sources */ = {isa = PBXBuildFile; fileRef = BB8F3EBD28423C0F00278975 /* LandingPageView.swift */; };
		BB8F3EC228423E1100278975 /* Color+Extensions.swift in Sources */ = {isa = PBXBuildFile; fileRef = BB8F3EC128423E1100278975 /* Color+Extensions.swift */; };
		BB8F3EC62842408500278975 /* AppStrings.swift in Sources */ = {isa = PBXBuildFile; fileRef = BB8F3EC42842408500278975 /* AppStrings.swift */; };
		BB8F3EC72842408500278975 /* Localizable.strings in Resources */ = {isa = PBXBuildFile; fileRef = BB8F3EC52842408500278975 /* Localizable.strings */; };
		BB8F3EC9284247C400278975 /* IBMPlexSans-SemiBold.ttf in Resources */ = {isa = PBXBuildFile; fileRef = BB8F3EC8284247C400278975 /* IBMPlexSans-SemiBold.ttf */; };
		BB8F3ECC2842529600278975 /* AccountConfigView.swift in Sources */ = {isa = PBXBuildFile; fileRef = BB8F3ECB2842529600278975 /* AccountConfigView.swift */; };
		BB8F3ED02842577A00278975 /* AccountConfigCoordinator.swift in Sources */ = {isa = PBXBuildFile; fileRef = BB8F3ECF2842577A00278975 /* AccountConfigCoordinator.swift */; };
		BB8F3ED4284258FA00278975 /* ConfigStep.swift in Sources */ = {isa = PBXBuildFile; fileRef = BB8F3ED3284258FA00278975 /* ConfigStep.swift */; };
		BB8F3ED62842599300278975 /* AccountConfigViewModel.swift in Sources */ = {isa = PBXBuildFile; fileRef = BB8F3ED52842599300278975 /* AccountConfigViewModel.swift */; };
		BB8F3ED828425EA900278975 /* ConfigStepView.swift in Sources */ = {isa = PBXBuildFile; fileRef = BB8F3ED728425EA900278975 /* ConfigStepView.swift */; };
		DE45A19928420AA900056448 /* AppDelegate.swift in Sources */ = {isa = PBXBuildFile; fileRef = DE45A19828420AA900056448 /* AppDelegate.swift */; };
		DE45A19D28420AAB00056448 /* Assets.xcassets in Resources */ = {isa = PBXBuildFile; fileRef = DE45A19C28420AAB00056448 /* Assets.xcassets */; };
		DEEA05E9284212E800140ADB /* Colors.xcassets in Resources */ = {isa = PBXBuildFile; fileRef = DEEA05E8284212E800140ADB /* Colors.xcassets */; };
		DEEA05EB284214FC00140ADB /* AppUI.xcassets in Resources */ = {isa = PBXBuildFile; fileRef = DEEA05EA284214FC00140ADB /* AppUI.xcassets */; };
		DEEA05F02842156300140ADB /* IBMPlexSans-Bold.ttf in Resources */ = {isa = PBXBuildFile; fileRef = DEEA05ED2842156300140ADB /* IBMPlexSans-Bold.ttf */; };
		DEEA05F12842156300140ADB /* IBMPlexSans-Medium.ttf in Resources */ = {isa = PBXBuildFile; fileRef = DEEA05EE2842156300140ADB /* IBMPlexSans-Medium.ttf */; };
		DEEA05F22842156300140ADB /* IBMPlexSans-Regular.ttf in Resources */ = {isa = PBXBuildFile; fileRef = DEEA05EF2842156300140ADB /* IBMPlexSans-Regular.ttf */; };
		DEEA05F6284215C100140ADB /* Coordinator.swift in Sources */ = {isa = PBXBuildFile; fileRef = DEEA05F5284215C100140ADB /* Coordinator.swift */; };
		DEEA05F82842163600140ADB /* ApplicationCoordinator.swift in Sources */ = {isa = PBXBuildFile; fileRef = DEEA05F72842163600140ADB /* ApplicationCoordinator.swift */; };
		DEEA05FA284217F100140ADB /* SceneDelegate.swift in Sources */ = {isa = PBXBuildFile; fileRef = DEEA05F9284217F100140ADB /* SceneDelegate.swift */; };
/* End PBXBuildFile section */

/* Begin PBXFileReference section */
		620CDAE328800C7300E37BD9 /* CategoryViewModel.swift */ = {isa = PBXFileReference; lastKnownFileType = sourcecode.swift; path = CategoryViewModel.swift; sourceTree = "<group>"; };
		620CDAE5288051E500E37BD9 /* ArrayView.swift */ = {isa = PBXFileReference; lastKnownFileType = sourcecode.swift; path = ArrayView.swift; sourceTree = "<group>"; };
		6236290B2874237800B04E9A /* InvitedContactsView.swift */ = {isa = PBXFileReference; lastKnownFileType = sourcecode.swift; path = InvitedContactsView.swift; sourceTree = "<group>"; };
		6236290D2874336600B04E9A /* InvitedContactRow.swift */ = {isa = PBXFileReference; lastKnownFileType = sourcecode.swift; path = InvitedContactRow.swift; sourceTree = "<group>"; };
		6246314F28815CFD003C2EB7 /* ItemView.swift */ = {isa = PBXFileReference; lastKnownFileType = sourcecode.swift; path = ItemView.swift; sourceTree = "<group>"; };
		626A0DB2287ED6B80009530B /* AddItemSection.swift */ = {isa = PBXFileReference; lastKnownFileType = sourcecode.swift; path = AddItemSection.swift; sourceTree = "<group>"; };
		628B59F3288578FE00EB171B /* HideView.swift */ = {isa = PBXFileReference; lastKnownFileType = sourcecode.swift; path = HideView.swift; sourceTree = "<group>"; };
		629B927D287C0F1D003648D4 /* EmergencyBackpackView.swift */ = {isa = PBXFileReference; lastKnownFileType = sourcecode.swift; path = EmergencyBackpackView.swift; sourceTree = "<group>"; };
		62A2AC37287C39CD00B00969 /* MyBackpackView.swift */ = {isa = PBXFileReference; lastKnownFileType = sourcecode.swift; path = MyBackpackView.swift; sourceTree = "<group>"; };
		62A2AC39287C564700B00969 /* BackpackCategoryItemView.swift */ = {isa = PBXFileReference; lastKnownFileType = sourcecode.swift; path = BackpackCategoryItemView.swift; sourceTree = "<group>"; };
		62A2AC3D287C621500B00969 /* CategoryItem.swift */ = {isa = PBXFileReference; lastKnownFileType = sourcecode.swift; path = CategoryItem.swift; sourceTree = "<group>"; };
		62A2AC3F287DAAFF00B00969 /* CategoryItemIcon.swift */ = {isa = PBXFileReference; lastKnownFileType = sourcecode.swift; path = CategoryItemIcon.swift; sourceTree = "<group>"; };
		62A2AC42287DAF7B00B00969 /* PrimaryTextStyle.swift */ = {isa = PBXFileReference; lastKnownFileType = sourcecode.swift; path = PrimaryTextStyle.swift; sourceTree = "<group>"; };
		62AB8870286D8E8E00A7801C /* ContactsView.swift */ = {isa = PBXFileReference; lastKnownFileType = sourcecode.swift; path = ContactsView.swift; sourceTree = "<group>"; };
		62AB8872286DAF4100A7801C /* ContactInfo.swift */ = {isa = PBXFileReference; lastKnownFileType = sourcecode.swift; path = ContactInfo.swift; sourceTree = "<group>"; };
		62AB8875286DB05400A7801C /* ContactRow.swift */ = {isa = PBXFileReference; lastKnownFileType = sourcecode.swift; path = ContactRow.swift; sourceTree = "<group>"; };
		62AB8878286DB10100A7801C /* CreateGroupViewModel.swift */ = {isa = PBXFileReference; lastKnownFileType = sourcecode.swift; path = CreateGroupViewModel.swift; sourceTree = "<group>"; };
		62AB887A286DC42500A7801C /* SearchBar.swift */ = {isa = PBXFileReference; lastKnownFileType = sourcecode.swift; path = SearchBar.swift; sourceTree = "<group>"; };
		62AC818B285B3E0A00ACAF3E /* CreateGroupView.swift */ = {isa = PBXFileReference; lastKnownFileType = sourcecode.swift; path = CreateGroupView.swift; sourceTree = "<group>"; };
		62AC818D285B3E1F00ACAF3E /* CreateGroupCoordinator.swift */ = {isa = PBXFileReference; lastKnownFileType = sourcecode.swift; path = CreateGroupCoordinator.swift; sourceTree = "<group>"; };
		62AF98BF2877083400BCFA11 /* EmergencyBackpackCoordinator.swift */ = {isa = PBXFileReference; lastKnownFileType = sourcecode.swift; path = EmergencyBackpackCoordinator.swift; sourceTree = "<group>"; };
		62C708E6287EF5DA00E73D71 /* CategoryView.swift */ = {isa = PBXFileReference; lastKnownFileType = sourcecode.swift; path = CategoryView.swift; sourceTree = "<group>"; };
		62CC0A742875724800374984 /* AddMemberButtonView.swift */ = {isa = PBXFileReference; lastKnownFileType = sourcecode.swift; path = AddMemberButtonView.swift; sourceTree = "<group>"; };
		62D6B75B286AEF2400F7A9B9 /* AddGroupNameView.swift */ = {isa = PBXFileReference; lastKnownFileType = sourcecode.swift; path = AddGroupNameView.swift; sourceTree = "<group>"; };
		62D6B760286B182400F7A9B9 /* SetMeetPointsView.swift */ = {isa = PBXFileReference; lastKnownFileType = sourcecode.swift; path = SetMeetPointsView.swift; sourceTree = "<group>"; };
		62F658FB286B291500539384 /* GroupView.swift */ = {isa = PBXFileReference; lastKnownFileType = sourcecode.swift; path = GroupView.swift; sourceTree = "<group>"; };
		BB8F3EB5284228FF00278975 /* Launch Screen.storyboard */ = {isa = PBXFileReference; lastKnownFileType = file.storyboard; path = "Launch Screen.storyboard"; sourceTree = "<group>"; };
		BB8F3EBB28423C0F00278975 /* LandingPageCoordinator.swift */ = {isa = PBXFileReference; fileEncoding = 4; lastKnownFileType = sourcecode.swift; path = LandingPageCoordinator.swift; sourceTree = "<group>"; };
		BB8F3EBD28423C0F00278975 /* LandingPageView.swift */ = {isa = PBXFileReference; fileEncoding = 4; lastKnownFileType = sourcecode.swift; path = LandingPageView.swift; sourceTree = "<group>"; };
		BB8F3EC128423E1100278975 /* Color+Extensions.swift */ = {isa = PBXFileReference; fileEncoding = 4; lastKnownFileType = sourcecode.swift; path = "Color+Extensions.swift"; sourceTree = "<group>"; };
		BB8F3EC42842408500278975 /* AppStrings.swift */ = {isa = PBXFileReference; fileEncoding = 4; lastKnownFileType = sourcecode.swift; path = AppStrings.swift; sourceTree = "<group>"; };
		BB8F3EC52842408500278975 /* Localizable.strings */ = {isa = PBXFileReference; fileEncoding = 4; lastKnownFileType = text.plist.strings; path = Localizable.strings; sourceTree = "<group>"; };
		BB8F3EC8284247C400278975 /* IBMPlexSans-SemiBold.ttf */ = {isa = PBXFileReference; lastKnownFileType = file; path = "IBMPlexSans-SemiBold.ttf"; sourceTree = "<group>"; };
		BB8F3ECB2842529600278975 /* AccountConfigView.swift */ = {isa = PBXFileReference; lastKnownFileType = sourcecode.swift; path = AccountConfigView.swift; sourceTree = "<group>"; };
		BB8F3ECF2842577A00278975 /* AccountConfigCoordinator.swift */ = {isa = PBXFileReference; lastKnownFileType = sourcecode.swift; path = AccountConfigCoordinator.swift; sourceTree = "<group>"; };
		BB8F3ED3284258FA00278975 /* ConfigStep.swift */ = {isa = PBXFileReference; lastKnownFileType = sourcecode.swift; path = ConfigStep.swift; sourceTree = "<group>"; };
		BB8F3ED52842599300278975 /* AccountConfigViewModel.swift */ = {isa = PBXFileReference; lastKnownFileType = sourcecode.swift; path = AccountConfigViewModel.swift; sourceTree = "<group>"; };
		BB8F3ED728425EA900278975 /* ConfigStepView.swift */ = {isa = PBXFileReference; lastKnownFileType = sourcecode.swift; path = ConfigStepView.swift; sourceTree = "<group>"; };
		DE45A19528420AA900056448 /* DeUrgenta.app */ = {isa = PBXFileReference; explicitFileType = wrapper.application; includeInIndex = 0; path = DeUrgenta.app; sourceTree = BUILT_PRODUCTS_DIR; };
		DE45A19828420AA900056448 /* AppDelegate.swift */ = {isa = PBXFileReference; lastKnownFileType = sourcecode.swift; path = AppDelegate.swift; sourceTree = "<group>"; };
		DE45A19C28420AAB00056448 /* Assets.xcassets */ = {isa = PBXFileReference; lastKnownFileType = folder.assetcatalog; path = Assets.xcassets; sourceTree = "<group>"; };
		DEEA05E8284212E800140ADB /* Colors.xcassets */ = {isa = PBXFileReference; lastKnownFileType = folder.assetcatalog; path = Colors.xcassets; sourceTree = "<group>"; };
		DEEA05EA284214FC00140ADB /* AppUI.xcassets */ = {isa = PBXFileReference; lastKnownFileType = folder.assetcatalog; path = AppUI.xcassets; sourceTree = "<group>"; };
		DEEA05ED2842156300140ADB /* IBMPlexSans-Bold.ttf */ = {isa = PBXFileReference; lastKnownFileType = file; path = "IBMPlexSans-Bold.ttf"; sourceTree = "<group>"; };
		DEEA05EE2842156300140ADB /* IBMPlexSans-Medium.ttf */ = {isa = PBXFileReference; lastKnownFileType = file; path = "IBMPlexSans-Medium.ttf"; sourceTree = "<group>"; };
		DEEA05EF2842156300140ADB /* IBMPlexSans-Regular.ttf */ = {isa = PBXFileReference; lastKnownFileType = file; path = "IBMPlexSans-Regular.ttf"; sourceTree = "<group>"; };
		DEEA05F5284215C100140ADB /* Coordinator.swift */ = {isa = PBXFileReference; lastKnownFileType = sourcecode.swift; path = Coordinator.swift; sourceTree = "<group>"; };
		DEEA05F72842163600140ADB /* ApplicationCoordinator.swift */ = {isa = PBXFileReference; lastKnownFileType = sourcecode.swift; path = ApplicationCoordinator.swift; sourceTree = "<group>"; };
		DEEA05F9284217F100140ADB /* SceneDelegate.swift */ = {isa = PBXFileReference; lastKnownFileType = sourcecode.swift; path = SceneDelegate.swift; sourceTree = "<group>"; };
		DEEA05FB2842186A00140ADB /* Info.plist */ = {isa = PBXFileReference; lastKnownFileType = text.plist.xml; path = Info.plist; sourceTree = "<group>"; };
/* End PBXFileReference section */

/* Begin PBXFrameworksBuildPhase section */
		DE45A19228420AA900056448 /* Frameworks */ = {
			isa = PBXFrameworksBuildPhase;
			buildActionMask = 2147483647;
			files = (
			);
			runOnlyForDeploymentPostprocessing = 0;
		};
/* End PBXFrameworksBuildPhase section */

/* Begin PBXGroup section */
		628B59F2288578B100EB171B /* Extensions */ = {
			isa = PBXGroup;
			children = (
				628B59F3288578FE00EB171B /* HideView.swift */,
			);
			path = Extensions;
			sourceTree = "<group>";
		};
		62A2AC3B287C61D800B00969 /* Model */ = {
			isa = PBXGroup;
			children = (
				62A2AC3D287C621500B00969 /* CategoryItem.swift */,
			);
			path = Model;
			sourceTree = "<group>";
		};
		62A2AC3C287C61DE00B00969 /* ViewModel */ = {
			isa = PBXGroup;
			children = (
				620CDAE328800C7300E37BD9 /* CategoryViewModel.swift */,
			);
			path = ViewModel;
			sourceTree = "<group>";
		};
		62A2AC41287DAE5500B00969 /* Modifiers */ = {
			isa = PBXGroup;
			children = (
				62A2AC42287DAF7B00B00969 /* PrimaryTextStyle.swift */,
			);
			path = Modifiers;
			sourceTree = "<group>";
		};
		62AB8874286DAF9E00A7801C /* Model */ = {
			isa = PBXGroup;
			children = (
				62AB8872286DAF4100A7801C /* ContactInfo.swift */,
			);
			path = Model;
			sourceTree = "<group>";
		};
		62AB8877286DB0EB00A7801C /* ViewModel */ = {
			isa = PBXGroup;
			children = (
				62AB8878286DB10100A7801C /* CreateGroupViewModel.swift */,
			);
			path = ViewModel;
			sourceTree = "<group>";
		};
		62AC8188285B3DDF00ACAF3E /* CreateGroup */ = {
			isa = PBXGroup;
			children = (
				62AB8877286DB0EB00A7801C /* ViewModel */,
				62AB8874286DAF9E00A7801C /* Model */,
				62AC8189285B3DEA00ACAF3E /* Coordinator */,
				62AC818A285B3DF100ACAF3E /* View */,
			);
			path = CreateGroup;
			sourceTree = "<group>";
		};
		62AC8189285B3DEA00ACAF3E /* Coordinator */ = {
			isa = PBXGroup;
			children = (
				62AC818D285B3E1F00ACAF3E /* CreateGroupCoordinator.swift */,
			);
			path = Coordinator;
			sourceTree = "<group>";
		};
		62AC818A285B3DF100ACAF3E /* View */ = {
			isa = PBXGroup;
			children = (
				62D6B75B286AEF2400F7A9B9 /* AddGroupNameView.swift */,
				62CC0A742875724800374984 /* AddMemberButtonView.swift */,
				62AB8875286DB05400A7801C /* ContactRow.swift */,
				62AB8870286D8E8E00A7801C /* ContactsView.swift */,
				62AC818B285B3E0A00ACAF3E /* CreateGroupView.swift */,
				62F658FB286B291500539384 /* GroupView.swift */,
				6236290D2874336600B04E9A /* InvitedContactRow.swift */,
				6236290B2874237800B04E9A /* InvitedContactsView.swift */,
				62AB887A286DC42500A7801C /* SearchBar.swift */,
				62D6B760286B182400F7A9B9 /* SetMeetPointsView.swift */,
			);
			path = View;
			sourceTree = "<group>";
		};
		62AF98BC2877060B00BCFA11 /* EmergencyBackpack */ = {
			isa = PBXGroup;
			children = (
				62AF98BD287707C800BCFA11 /* Coordinator */,
				62A2AC3B287C61D800B00969 /* Model */,
				62AF98BE287707CC00BCFA11 /* View */,
				62A2AC3C287C61DE00B00969 /* ViewModel */,
			);
			path = EmergencyBackpack;
			sourceTree = "<group>";
		};
		62AF98BD287707C800BCFA11 /* Coordinator */ = {
			isa = PBXGroup;
			children = (
				62AF98BF2877083400BCFA11 /* EmergencyBackpackCoordinator.swift */,
			);
			path = Coordinator;
			sourceTree = "<group>";
		};
		62AF98BE287707CC00BCFA11 /* View */ = {
			isa = PBXGroup;
			children = (
				626A0DB2287ED6B80009530B /* AddItemSection.swift */,
				620CDAE5288051E500E37BD9 /* ArrayView.swift */,
				62A2AC39287C564700B00969 /* BackpackCategoryItemView.swift */,
				62A2AC3F287DAAFF00B00969 /* CategoryItemIcon.swift */,
				62C708E6287EF5DA00E73D71 /* CategoryView.swift */,
				629B927D287C0F1D003648D4 /* EmergencyBackpackView.swift */,
				6246314F28815CFD003C2EB7 /* ItemView.swift */,
				62A2AC37287C39CD00B00969 /* MyBackpackView.swift */,
			);
			path = View;
			sourceTree = "<group>";
		};
		BB8F3EB82842292300278975 /* Splash */ = {
			isa = PBXGroup;
			children = (
				BB8F3EB5284228FF00278975 /* Launch Screen.storyboard */,
			);
			path = Splash;
			sourceTree = "<group>";
		};
		BB8F3EB928423C0F00278975 /* LandingPage */ = {
			isa = PBXGroup;
			children = (
				BB8F3EBA28423C0F00278975 /* Coordinator */,
				BB8F3EBC28423C0F00278975 /* View */,
			);
			path = LandingPage;
			sourceTree = "<group>";
		};
		BB8F3EBA28423C0F00278975 /* Coordinator */ = {
			isa = PBXGroup;
			children = (
				BB8F3EBB28423C0F00278975 /* LandingPageCoordinator.swift */,
			);
			path = Coordinator;
			sourceTree = "<group>";
		};
		BB8F3EBC28423C0F00278975 /* View */ = {
			isa = PBXGroup;
			children = (
				BB8F3EBD28423C0F00278975 /* LandingPageView.swift */,
			);
			path = View;
			sourceTree = "<group>";
		};
		BB8F3EC028423DF100278975 /* Utils */ = {
			isa = PBXGroup;
			children = (
				628B59F2288578B100EB171B /* Extensions */,
				62A2AC41287DAE5500B00969 /* Modifiers */,
				BB8F3EC128423E1100278975 /* Color+Extensions.swift */,
			);
			path = Utils;
			sourceTree = "<group>";
		};
		BB8F3EC32842404D00278975 /* Localization */ = {
			isa = PBXGroup;
			children = (
				BB8F3EC42842408500278975 /* AppStrings.swift */,
				BB8F3EC52842408500278975 /* Localizable.strings */,
			);
			path = Localization;
			sourceTree = "<group>";
		};
		BB8F3ECA2842525E00278975 /* AccountConfig */ = {
			isa = PBXGroup;
			children = (
				BB8F3ECE2842576800278975 /* Coordinator */,
				BB8F3ED2284258ED00278975 /* Model */,
				BB8F3ECD2842576400278975 /* View */,
				BB8F3ED1284258E200278975 /* ViewModel */,
			);
			path = AccountConfig;
			sourceTree = "<group>";
		};
		BB8F3ECD2842576400278975 /* View */ = {
			isa = PBXGroup;
			children = (
				BB8F3ECB2842529600278975 /* AccountConfigView.swift */,
				BB8F3ED728425EA900278975 /* ConfigStepView.swift */,
			);
			path = View;
			sourceTree = "<group>";
		};
		BB8F3ECE2842576800278975 /* Coordinator */ = {
			isa = PBXGroup;
			children = (
				BB8F3ECF2842577A00278975 /* AccountConfigCoordinator.swift */,
			);
			path = Coordinator;
			sourceTree = "<group>";
		};
		BB8F3ED1284258E200278975 /* ViewModel */ = {
			isa = PBXGroup;
			children = (
				BB8F3ED52842599300278975 /* AccountConfigViewModel.swift */,
			);
			path = ViewModel;
			sourceTree = "<group>";
		};
		BB8F3ED2284258ED00278975 /* Model */ = {
			isa = PBXGroup;
			children = (
				BB8F3ED3284258FA00278975 /* ConfigStep.swift */,
			);
			path = Model;
			sourceTree = "<group>";
		};
		DE45A18C28420AA900056448 = {
			isa = PBXGroup;
			children = (
				DE45A19728420AA900056448 /* DeUrgenta */,
				DE45A19628420AA900056448 /* Products */,
			);
			sourceTree = "<group>";
		};
		DE45A19628420AA900056448 /* Products */ = {
			isa = PBXGroup;
			children = (
				DE45A19528420AA900056448 /* DeUrgenta.app */,
			);
			name = Products;
			sourceTree = "<group>";
		};
		DE45A19728420AA900056448 /* DeUrgenta */ = {
			isa = PBXGroup;
			children = (
				DE45A1A628420ACA00056448 /* AppDelegate */,
				DEEA05F3284215B000140ADB /* Components */,
				DE45A1A728420AD200056448 /* Features */,
				BB8F3EC32842404D00278975 /* Localization */,
				DE45A1A828420AFE00056448 /* Resources */,
				BB8F3EC028423DF100278975 /* Utils */,
			);
			path = DeUrgenta;
			sourceTree = "<group>";
		};
		DE45A1A628420ACA00056448 /* AppDelegate */ = {
			isa = PBXGroup;
			children = (
				DE45A19828420AA900056448 /* AppDelegate.swift */,
				DEEA05F72842163600140ADB /* ApplicationCoordinator.swift */,
				DEEA05F9284217F100140ADB /* SceneDelegate.swift */,
			);
			path = AppDelegate;
			sourceTree = "<group>";
		};
		DE45A1A728420AD200056448 /* Features */ = {
			isa = PBXGroup;
			children = (
				BB8F3ECA2842525E00278975 /* AccountConfig */,
				62AF98BC2877060B00BCFA11 /* EmergencyBackpack */,
				62AC8188285B3DDF00ACAF3E /* CreateGroup */,
				BB8F3EB928423C0F00278975 /* LandingPage */,
				BB8F3EB82842292300278975 /* Splash */,
			);
			path = Features;
			sourceTree = "<group>";
		};
		DE45A1A828420AFE00056448 /* Resources */ = {
			isa = PBXGroup;
			children = (
				DEEA05EC2842154D00140ADB /* Fonts */,
				DEEA05EA284214FC00140ADB /* AppUI.xcassets */,
				DEEA05E8284212E800140ADB /* Colors.xcassets */,
				DE45A19C28420AAB00056448 /* Assets.xcassets */,
				DEEA05FB2842186A00140ADB /* Info.plist */,
			);
			path = Resources;
			sourceTree = "<group>";
		};
		DEEA05EC2842154D00140ADB /* Fonts */ = {
			isa = PBXGroup;
			children = (
				BB8F3EC8284247C400278975 /* IBMPlexSans-SemiBold.ttf */,
				DEEA05ED2842156300140ADB /* IBMPlexSans-Bold.ttf */,
				DEEA05EE2842156300140ADB /* IBMPlexSans-Medium.ttf */,
				DEEA05EF2842156300140ADB /* IBMPlexSans-Regular.ttf */,
			);
			path = Fonts;
			sourceTree = "<group>";
		};
		DEEA05F3284215B000140ADB /* Components */ = {
			isa = PBXGroup;
			children = (
				DEEA05F4284215B500140ADB /* Protocols */,
			);
			path = Components;
			sourceTree = "<group>";
		};
		DEEA05F4284215B500140ADB /* Protocols */ = {
			isa = PBXGroup;
			children = (
				DEEA05F5284215C100140ADB /* Coordinator.swift */,
			);
			path = Protocols;
			sourceTree = "<group>";
		};
/* End PBXGroup section */

/* Begin PBXNativeTarget section */
		DE45A19428420AA900056448 /* DeUrgenta */ = {
			isa = PBXNativeTarget;
			buildConfigurationList = DE45A1A328420AAB00056448 /* Build configuration list for PBXNativeTarget "DeUrgenta" */;
			buildPhases = (
				DE45A1AE28420DF400056448 /* ShellScript */,
				DE45A19128420AA900056448 /* Sources */,
				DE45A19228420AA900056448 /* Frameworks */,
				DE45A19328420AA900056448 /* Resources */,
			);
			buildRules = (
			);
			dependencies = (
			);
			name = DeUrgenta;
			productName = DeUrgenta;
			productReference = DE45A19528420AA900056448 /* DeUrgenta.app */;
			productType = "com.apple.product-type.application";
		};
/* End PBXNativeTarget section */

/* Begin PBXProject section */
		DE45A18D28420AA900056448 /* Project object */ = {
			isa = PBXProject;
			attributes = {
				BuildIndependentTargetsInParallel = 1;
				LastSwiftUpdateCheck = 1340;
				LastUpgradeCheck = 1340;
				TargetAttributes = {
					DE45A19428420AA900056448 = {
						CreatedOnToolsVersion = 13.4;
					};
				};
			};
			buildConfigurationList = DE45A19028420AA900056448 /* Build configuration list for PBXProject "DeUrgenta" */;
			compatibilityVersion = "Xcode 13.0";
			developmentRegion = en;
			hasScannedForEncodings = 0;
			knownRegions = (
				en,
				Base,
			);
			mainGroup = DE45A18C28420AA900056448;
			productRefGroup = DE45A19628420AA900056448 /* Products */;
			projectDirPath = "";
			projectRoot = "";
			targets = (
				DE45A19428420AA900056448 /* DeUrgenta */,
			);
		};
/* End PBXProject section */

/* Begin PBXResourcesBuildPhase section */
		DE45A19328420AA900056448 /* Resources */ = {
			isa = PBXResourcesBuildPhase;
			buildActionMask = 2147483647;
			files = (
				DEEA05F12842156300140ADB /* IBMPlexSans-Medium.ttf in Resources */,
				BB8F3EC9284247C400278975 /* IBMPlexSans-SemiBold.ttf in Resources */,
				DEEA05E9284212E800140ADB /* Colors.xcassets in Resources */,
				DEEA05F22842156300140ADB /* IBMPlexSans-Regular.ttf in Resources */,
				DEEA05F02842156300140ADB /* IBMPlexSans-Bold.ttf in Resources */,
				DEEA05EB284214FC00140ADB /* AppUI.xcassets in Resources */,
				BB8F3EC72842408500278975 /* Localizable.strings in Resources */,
				DE45A19D28420AAB00056448 /* Assets.xcassets in Resources */,
				BB8F3EB6284228FF00278975 /* Launch Screen.storyboard in Resources */,
			);
			runOnlyForDeploymentPostprocessing = 0;
		};
/* End PBXResourcesBuildPhase section */

/* Begin PBXShellScriptBuildPhase section */
		DE45A1AE28420DF400056448 /* ShellScript */ = {
			isa = PBXShellScriptBuildPhase;
			buildActionMask = 2147483647;
			files = (
			);
			inputFileListPaths = (
			);
			inputPaths = (
			);
			outputFileListPaths = (
			);
			outputPaths = (
			);
			runOnlyForDeploymentPostprocessing = 0;
			shellPath = /bin/sh;
			shellScript = "cd BuildTools\nSDKROOT=(xcrun --sdk macosx --show-sdk-path)\nswift run -c release swiftformat \"$SRCROOT\"\n";
		};
/* End PBXShellScriptBuildPhase section */

/* Begin PBXSourcesBuildPhase section */
		DE45A19128420AA900056448 /* Sources */ = {
			isa = PBXSourcesBuildPhase;
			buildActionMask = 2147483647;
			files = (
				62C708E7287EF5DA00E73D71 /* CategoryView.swift in Sources */,
				BB8F3EC62842408500278975 /* AppStrings.swift in Sources */,
				62A2AC40287DAAFF00B00969 /* CategoryItemIcon.swift in Sources */,
				6246315028815CFD003C2EB7 /* ItemView.swift in Sources */,
				62A2AC3E287C621500B00969 /* CategoryItem.swift in Sources */,
				DEEA05F82842163600140ADB /* ApplicationCoordinator.swift in Sources */,
				628B59F4288578FE00EB171B /* HideView.swift in Sources */,
				62F658FC286B291500539384 /* GroupView.swift in Sources */,
				62A2AC43287DAF7B00B00969 /* PrimaryTextStyle.swift in Sources */,
				62D6B761286B182400F7A9B9 /* SetMeetPointsView.swift in Sources */,
				62A2AC38287C39CD00B00969 /* MyBackpackView.swift in Sources */,
				620CDAE6288051E500E37BD9 /* ArrayView.swift in Sources */,
				BB8F3ECC2842529600278975 /* AccountConfigView.swift in Sources */,
				62A2AC3A287C564700B00969 /* BackpackCategoryItemView.swift in Sources */,
				62AB8876286DB05400A7801C /* ContactRow.swift in Sources */,
				62D6B75C286AEF2400F7A9B9 /* AddGroupNameView.swift in Sources */,
				DEEA05F6284215C100140ADB /* Coordinator.swift in Sources */,
				62AF98C02877083400BCFA11 /* EmergencyBackpackCoordinator.swift in Sources */,
				62CC0A752875724800374984 /* AddMemberButtonView.swift in Sources */,
				62AC818C285B3E0A00ACAF3E /* CreateGroupView.swift in Sources */,
				6236290C2874237800B04E9A /* InvitedContactsView.swift in Sources */,
				6236290E2874336600B04E9A /* InvitedContactRow.swift in Sources */,
				BB8F3EC228423E1100278975 /* Color+Extensions.swift in Sources */,
				62AB8879286DB10100A7801C /* CreateGroupViewModel.swift in Sources */,
				62AC818E285B3E1F00ACAF3E /* CreateGroupCoordinator.swift in Sources */,
				DE45A19928420AA900056448 /* AppDelegate.swift in Sources */,
				BB8F3ED62842599300278975 /* AccountConfigViewModel.swift in Sources */,
				BB8F3ED4284258FA00278975 /* ConfigStep.swift in Sources */,
				BB8F3ED02842577A00278975 /* AccountConfigCoordinator.swift in Sources */,
				620CDAE428800C7300E37BD9 /* CategoryViewModel.swift in Sources */,
				629B927E287C0F1D003648D4 /* EmergencyBackpackView.swift in Sources */,
				62AB887B286DC42500A7801C /* SearchBar.swift in Sources */,
				BB8F3EBF28423C0F00278975 /* LandingPageView.swift in Sources */,
				62AB8871286D8E8E00A7801C /* ContactsView.swift in Sources */,
				62AB8873286DAF4100A7801C /* ContactInfo.swift in Sources */,
				DEEA05FA284217F100140ADB /* SceneDelegate.swift in Sources */,
				626A0DB3287ED6B80009530B /* AddItemSection.swift in Sources */,
				BB8F3EBE28423C0F00278975 /* LandingPageCoordinator.swift in Sources */,
				BB8F3ED828425EA900278975 /* ConfigStepView.swift in Sources */,
			);
			runOnlyForDeploymentPostprocessing = 0;
		};
/* End PBXSourcesBuildPhase section */

/* Begin XCBuildConfiguration section */
		DE45A1A128420AAB00056448 /* Debug */ = {
			isa = XCBuildConfiguration;
			buildSettings = {
				ALWAYS_SEARCH_USER_PATHS = NO;
				CLANG_ANALYZER_NONNULL = YES;
				CLANG_ANALYZER_NUMBER_OBJECT_CONVERSION = YES_AGGRESSIVE;
				CLANG_CXX_LANGUAGE_STANDARD = "gnu++17";
				CLANG_ENABLE_MODULES = YES;
				CLANG_ENABLE_OBJC_ARC = YES;
				CLANG_ENABLE_OBJC_WEAK = YES;
				CLANG_WARN_BLOCK_CAPTURE_AUTORELEASING = YES;
				CLANG_WARN_BOOL_CONVERSION = YES;
				CLANG_WARN_COMMA = YES;
				CLANG_WARN_CONSTANT_CONVERSION = YES;
				CLANG_WARN_DEPRECATED_OBJC_IMPLEMENTATIONS = YES;
				CLANG_WARN_DIRECT_OBJC_ISA_USAGE = YES_ERROR;
				CLANG_WARN_DOCUMENTATION_COMMENTS = YES;
				CLANG_WARN_EMPTY_BODY = YES;
				CLANG_WARN_ENUM_CONVERSION = YES;
				CLANG_WARN_INFINITE_RECURSION = YES;
				CLANG_WARN_INT_CONVERSION = YES;
				CLANG_WARN_NON_LITERAL_NULL_CONVERSION = YES;
				CLANG_WARN_OBJC_IMPLICIT_RETAIN_SELF = YES;
				CLANG_WARN_OBJC_LITERAL_CONVERSION = YES;
				CLANG_WARN_OBJC_ROOT_CLASS = YES_ERROR;
				CLANG_WARN_QUOTED_INCLUDE_IN_FRAMEWORK_HEADER = YES;
				CLANG_WARN_RANGE_LOOP_ANALYSIS = YES;
				CLANG_WARN_STRICT_PROTOTYPES = YES;
				CLANG_WARN_SUSPICIOUS_MOVE = YES;
				CLANG_WARN_UNGUARDED_AVAILABILITY = YES_AGGRESSIVE;
				CLANG_WARN_UNREACHABLE_CODE = YES;
				CLANG_WARN__DUPLICATE_METHOD_MATCH = YES;
				COPY_PHASE_STRIP = NO;
				DEBUG_INFORMATION_FORMAT = dwarf;
				ENABLE_STRICT_OBJC_MSGSEND = YES;
				ENABLE_TESTABILITY = YES;
				GCC_C_LANGUAGE_STANDARD = gnu11;
				GCC_DYNAMIC_NO_PIC = NO;
				GCC_NO_COMMON_BLOCKS = YES;
				GCC_OPTIMIZATION_LEVEL = 0;
				GCC_PREPROCESSOR_DEFINITIONS = (
					"DEBUG=1",
					"$(inherited)",
				);
				GCC_WARN_64_TO_32_BIT_CONVERSION = YES;
				GCC_WARN_ABOUT_RETURN_TYPE = YES_ERROR;
				GCC_WARN_UNDECLARED_SELECTOR = YES;
				GCC_WARN_UNINITIALIZED_AUTOS = YES_AGGRESSIVE;
				GCC_WARN_UNUSED_FUNCTION = YES;
				GCC_WARN_UNUSED_VARIABLE = YES;
				IPHONEOS_DEPLOYMENT_TARGET = 14.0;
				MTL_ENABLE_DEBUG_INFO = INCLUDE_SOURCE;
				MTL_FAST_MATH = YES;
				ONLY_ACTIVE_ARCH = YES;
				SDKROOT = iphoneos;
				SWIFT_ACTIVE_COMPILATION_CONDITIONS = DEBUG;
				SWIFT_OPTIMIZATION_LEVEL = "-Onone";
			};
			name = Debug;
		};
		DE45A1A228420AAB00056448 /* Release */ = {
			isa = XCBuildConfiguration;
			buildSettings = {
				ALWAYS_SEARCH_USER_PATHS = NO;
				CLANG_ANALYZER_NONNULL = YES;
				CLANG_ANALYZER_NUMBER_OBJECT_CONVERSION = YES_AGGRESSIVE;
				CLANG_CXX_LANGUAGE_STANDARD = "gnu++17";
				CLANG_ENABLE_MODULES = YES;
				CLANG_ENABLE_OBJC_ARC = YES;
				CLANG_ENABLE_OBJC_WEAK = YES;
				CLANG_WARN_BLOCK_CAPTURE_AUTORELEASING = YES;
				CLANG_WARN_BOOL_CONVERSION = YES;
				CLANG_WARN_COMMA = YES;
				CLANG_WARN_CONSTANT_CONVERSION = YES;
				CLANG_WARN_DEPRECATED_OBJC_IMPLEMENTATIONS = YES;
				CLANG_WARN_DIRECT_OBJC_ISA_USAGE = YES_ERROR;
				CLANG_WARN_DOCUMENTATION_COMMENTS = YES;
				CLANG_WARN_EMPTY_BODY = YES;
				CLANG_WARN_ENUM_CONVERSION = YES;
				CLANG_WARN_INFINITE_RECURSION = YES;
				CLANG_WARN_INT_CONVERSION = YES;
				CLANG_WARN_NON_LITERAL_NULL_CONVERSION = YES;
				CLANG_WARN_OBJC_IMPLICIT_RETAIN_SELF = YES;
				CLANG_WARN_OBJC_LITERAL_CONVERSION = YES;
				CLANG_WARN_OBJC_ROOT_CLASS = YES_ERROR;
				CLANG_WARN_QUOTED_INCLUDE_IN_FRAMEWORK_HEADER = YES;
				CLANG_WARN_RANGE_LOOP_ANALYSIS = YES;
				CLANG_WARN_STRICT_PROTOTYPES = YES;
				CLANG_WARN_SUSPICIOUS_MOVE = YES;
				CLANG_WARN_UNGUARDED_AVAILABILITY = YES_AGGRESSIVE;
				CLANG_WARN_UNREACHABLE_CODE = YES;
				CLANG_WARN__DUPLICATE_METHOD_MATCH = YES;
				COPY_PHASE_STRIP = NO;
				DEBUG_INFORMATION_FORMAT = "dwarf-with-dsym";
				ENABLE_NS_ASSERTIONS = NO;
				ENABLE_STRICT_OBJC_MSGSEND = YES;
				GCC_C_LANGUAGE_STANDARD = gnu11;
				GCC_NO_COMMON_BLOCKS = YES;
				GCC_WARN_64_TO_32_BIT_CONVERSION = YES;
				GCC_WARN_ABOUT_RETURN_TYPE = YES_ERROR;
				GCC_WARN_UNDECLARED_SELECTOR = YES;
				GCC_WARN_UNINITIALIZED_AUTOS = YES_AGGRESSIVE;
				GCC_WARN_UNUSED_FUNCTION = YES;
				GCC_WARN_UNUSED_VARIABLE = YES;
				IPHONEOS_DEPLOYMENT_TARGET = 14.0;
				MTL_ENABLE_DEBUG_INFO = NO;
				MTL_FAST_MATH = YES;
				SDKROOT = iphoneos;
				SWIFT_COMPILATION_MODE = wholemodule;
				SWIFT_OPTIMIZATION_LEVEL = "-O";
				VALIDATE_PRODUCT = YES;
			};
			name = Release;
		};
		DE45A1A428420AAB00056448 /* Debug */ = {
			isa = XCBuildConfiguration;
			buildSettings = {
				ASSETCATALOG_COMPILER_APPICON_NAME = AppIcon;
				ASSETCATALOG_COMPILER_GLOBAL_ACCENT_COLOR_NAME = AccentColor;
				CODE_SIGN_STYLE = Automatic;
				CURRENT_PROJECT_VERSION = 1;
				DEVELOPMENT_TEAM = 2NYK4JQZ6U;
				ENABLE_PREVIEWS = YES;
				GENERATE_INFOPLIST_FILE = YES;
				INFOPLIST_FILE = DeUrgenta/Resources/Info.plist;
				INFOPLIST_KEY_CFBundleDisplayName = "De Urgență";
				INFOPLIST_KEY_NSContactsUsageDescription = "Display the contact list";
				INFOPLIST_KEY_UIApplicationSupportsIndirectInputEvents = YES;
				INFOPLIST_KEY_UILaunchStoryboardName = "Launch Screen";
				INFOPLIST_KEY_UISupportedInterfaceOrientations = UIInterfaceOrientationPortrait;
				INFOPLIST_KEY_UIUserInterfaceStyle = Light;
				LD_RUNPATH_SEARCH_PATHS = (
					"$(inherited)",
					"@executable_path/Frameworks",
				);
				MARKETING_VERSION = 1.0;
				PRODUCT_BUNDLE_IDENTIFIER = ro.code4.DeUrgenta.DeUrgenta;
				PRODUCT_NAME = "$(TARGET_NAME)";
				SWIFT_EMIT_LOC_STRINGS = YES;
				SWIFT_VERSION = 5.0;
				TARGETED_DEVICE_FAMILY = 1;
			};
			name = Debug;
		};
		DE45A1A528420AAB00056448 /* Release */ = {
			isa = XCBuildConfiguration;
			buildSettings = {
				ASSETCATALOG_COMPILER_APPICON_NAME = AppIcon;
				ASSETCATALOG_COMPILER_GLOBAL_ACCENT_COLOR_NAME = AccentColor;
				CODE_SIGN_STYLE = Automatic;
				CURRENT_PROJECT_VERSION = 1;
				DEVELOPMENT_TEAM = 2NYK4JQZ6U;
				ENABLE_PREVIEWS = YES;
				GENERATE_INFOPLIST_FILE = YES;
				INFOPLIST_FILE = DeUrgenta/Resources/Info.plist;
				INFOPLIST_KEY_CFBundleDisplayName = "De Urgență";
				INFOPLIST_KEY_NSContactsUsageDescription = "Display the contact list";
				INFOPLIST_KEY_UIApplicationSupportsIndirectInputEvents = YES;
				INFOPLIST_KEY_UILaunchStoryboardName = "Launch Screen";
				INFOPLIST_KEY_UISupportedInterfaceOrientations = UIInterfaceOrientationPortrait;
				INFOPLIST_KEY_UIUserInterfaceStyle = Light;
				LD_RUNPATH_SEARCH_PATHS = (
					"$(inherited)",
					"@executable_path/Frameworks",
				);
				MARKETING_VERSION = 1.0;
				PRODUCT_BUNDLE_IDENTIFIER = ro.code4.DeUrgenta.DeUrgenta;
				PRODUCT_NAME = "$(TARGET_NAME)";
				SWIFT_EMIT_LOC_STRINGS = YES;
				SWIFT_VERSION = 5.0;
				TARGETED_DEVICE_FAMILY = 1;
			};
			name = Release;
		};
/* End XCBuildConfiguration section */

/* Begin XCConfigurationList section */
		DE45A19028420AA900056448 /* Build configuration list for PBXProject "DeUrgenta" */ = {
			isa = XCConfigurationList;
			buildConfigurations = (
				DE45A1A128420AAB00056448 /* Debug */,
				DE45A1A228420AAB00056448 /* Release */,
			);
			defaultConfigurationIsVisible = 0;
			defaultConfigurationName = Release;
		};
		DE45A1A328420AAB00056448 /* Build configuration list for PBXNativeTarget "DeUrgenta" */ = {
			isa = XCConfigurationList;
			buildConfigurations = (
				DE45A1A428420AAB00056448 /* Debug */,
				DE45A1A528420AAB00056448 /* Release */,
			);
			defaultConfigurationIsVisible = 0;
			defaultConfigurationName = Release;
		};
/* End XCConfigurationList section */
	};
	rootObject = DE45A18D28420AA900056448 /* Project object */;
}
